
Microsoft Visual Studio Solution File, Format Version 12.00
Project("{FAE04EC0-301F-11D3-BF4B-00C04F79EFBC}") = "All My Stuff", "All My Stuff\All My Stuff.csproj", "{5E4FDBC1-BE68-4C44-9494-5C297732E5B5}"
EndProject
Global
	GlobalSection(SolutionConfigurationPlatforms) = preSolution
		Debug|x64 = Debug|x64
		Release|x64 = Release|x64
	EndGlobalSection
	GlobalSection(ProjectConfigurationPlatforms) = postSolution
		{5E4FDBC1-BE68-4C44-9494-5C297732E5B5}.Debug|x64.ActiveCfg = Debug|x64
		{5E4FDBC1-BE68-4C44-9494-5C297732E5B5}.Debug|x64.Build.0 = Debug|x64
		{5E4FDBC1-BE68-4C44-9494-5C297732E5B5}.Release|x64.ActiveCfg = Release|x64
		{5E4FDBC1-BE68-4C44-9494-5C297732E5B5}.Release|x64.Build.0 = Release|x64
	EndGlobalSection
EndGlobal
